// !$*UTF8*$!
{
	archiveVersion = 1;
	classes = {
	};
	objectVersion = 46;
	objects = {

/* Begin PBXBuildFile section */
		215A61FC226E144900FA8FC6 /* ACPAnalytics.h in CopyFiles */ = {isa = PBXBuildFile; fileRef = 2184F944222729F5005C3F03 /* ACPAnalytics.h */; };
		215A61FE226E145300FA8FC6 /* ACPAnalytics.h in Headers */ = {isa = PBXBuildFile; fileRef = 2184F944222729F5005C3F03 /* ACPAnalytics.h */; settings = {ATTRIBUTES = (Public, ); }; };
		2184F942222729BB005C3F03 /* libACPAnalytics_iOS.a in Frameworks */ = {isa = PBXBuildFile; fileRef = 2184F941222729BB005C3F03 /* libACPAnalytics_iOS.a */; };
		21E5E05C22A539550059839B /* RCTACPAnalyticsTests.m in Sources */ = {isa = PBXBuildFile; fileRef = 21E5E05B22A539550059839B /* RCTACPAnalyticsTests.m */; };
		21E5E06322A539FF0059839B /* libRCTACPAnalytics.a in Frameworks */ = {isa = PBXBuildFile; fileRef = 134814201AA4EA6300B7C361 /* libRCTACPAnalytics.a */; };
		460DCA51C52996C6531CE8D1 /* libPods-RCTACPAnalytics.a in Frameworks */ = {isa = PBXBuildFile; fileRef = 251072515ACDAC73538C1891 /* libPods-RCTACPAnalytics.a */; };
		574BA1FA0C26F1C2FEE62826 /* libPods-RCTACPAnalyticsTests.a in Frameworks */ = {isa = PBXBuildFile; fileRef = B3B6637448F47A453DEBC4D9 /* libPods-RCTACPAnalyticsTests.a */; };
		B3E7B58A1CC2AC0600A0062D /* RCTACPAnalytics.m in Sources */ = {isa = PBXBuildFile; fileRef = B3E7B5891CC2AC0600A0062D /* RCTACPAnalytics.m */; };
/* End PBXBuildFile section */

/* Begin PBXCopyFilesBuildPhase section */
		58B511D91A9E6C8500147676 /* CopyFiles */ = {
			isa = PBXCopyFilesBuildPhase;
			buildActionMask = 2147483647;
			dstPath = "include/$(PRODUCT_NAME)";
			dstSubfolderSpec = 16;
			files = (
				215A61FC226E144900FA8FC6 /* ACPAnalytics.h in CopyFiles */,
			);
			runOnlyForDeploymentPostprocessing = 0;
		};
/* End PBXCopyFilesBuildPhase section */

/* Begin PBXFileReference section */
		134814201AA4EA6300B7C361 /* libRCTACPAnalytics.a */ = {isa = PBXFileReference; explicitFileType = archive.ar; includeInIndex = 0; path = libRCTACPAnalytics.a; sourceTree = BUILT_PRODUCTS_DIR; };
		2184F941222729BB005C3F03 /* libACPAnalytics_iOS.a */ = {isa = PBXFileReference; lastKnownFileType = archive.ar; path = libACPAnalytics_iOS.a; sourceTree = "<group>"; };
		2184F944222729F5005C3F03 /* ACPAnalytics.h */ = {isa = PBXFileReference; fileEncoding = 4; lastKnownFileType = sourcecode.c.h; path = ACPAnalytics.h; sourceTree = "<group>"; };
		21E5E05922A539550059839B /* RCTACPAnalyticsTests.xctest */ = {isa = PBXFileReference; explicitFileType = wrapper.cfbundle; includeInIndex = 0; path = RCTACPAnalyticsTests.xctest; sourceTree = BUILT_PRODUCTS_DIR; };
		21E5E05B22A539550059839B /* RCTACPAnalyticsTests.m */ = {isa = PBXFileReference; lastKnownFileType = sourcecode.c.objc; path = RCTACPAnalyticsTests.m; sourceTree = "<group>"; };
		21E5E05D22A539550059839B /* Info.plist */ = {isa = PBXFileReference; lastKnownFileType = text.plist.xml; path = Info.plist; sourceTree = "<group>"; };
		251072515ACDAC73538C1891 /* libPods-RCTACPAnalytics.a */ = {isa = PBXFileReference; explicitFileType = archive.ar; includeInIndex = 0; path = "libPods-RCTACPAnalytics.a"; sourceTree = BUILT_PRODUCTS_DIR; };
		30935E7E6D16FFA62766C040 /* Pods-RCTACPAnalytics.debug.xcconfig */ = {isa = PBXFileReference; includeInIndex = 1; lastKnownFileType = text.xcconfig; name = "Pods-RCTACPAnalytics.debug.xcconfig"; path = "Target Support Files/Pods-RCTACPAnalytics/Pods-RCTACPAnalytics.debug.xcconfig"; sourceTree = "<group>"; };
		58892442A2C9C76360102857 /* Pods-RCTACPAnalytics.release.xcconfig */ = {isa = PBXFileReference; includeInIndex = 1; lastKnownFileType = text.xcconfig; name = "Pods-RCTACPAnalytics.release.xcconfig"; path = "Target Support Files/Pods-RCTACPAnalytics/Pods-RCTACPAnalytics.release.xcconfig"; sourceTree = "<group>"; };
		B3B6637448F47A453DEBC4D9 /* libPods-RCTACPAnalyticsTests.a */ = {isa = PBXFileReference; explicitFileType = archive.ar; includeInIndex = 0; path = "libPods-RCTACPAnalyticsTests.a"; sourceTree = BUILT_PRODUCTS_DIR; };
		B3E7B5881CC2AC0600A0062D /* RCTACPAnalytics.h */ = {isa = PBXFileReference; fileEncoding = 4; lastKnownFileType = sourcecode.c.h; name = RCTACPAnalytics.h; path = src/RCTACPAnalytics.h; sourceTree = "<group>"; };
		B3E7B5891CC2AC0600A0062D /* RCTACPAnalytics.m */ = {isa = PBXFileReference; fileEncoding = 4; lastKnownFileType = sourcecode.c.objc; name = RCTACPAnalytics.m; path = src/RCTACPAnalytics.m; sourceTree = "<group>"; };
		F1510B4BB48F12EA9B20C27B /* Pods-RCTACPAnalyticsTests.debug.xcconfig */ = {isa = PBXFileReference; includeInIndex = 1; lastKnownFileType = text.xcconfig; name = "Pods-RCTACPAnalyticsTests.debug.xcconfig"; path = "Target Support Files/Pods-RCTACPAnalyticsTests/Pods-RCTACPAnalyticsTests.debug.xcconfig"; sourceTree = "<group>"; };
		FEE07BD3210DD0473F2DDB3D /* Pods-RCTACPAnalyticsTests.release.xcconfig */ = {isa = PBXFileReference; includeInIndex = 1; lastKnownFileType = text.xcconfig; name = "Pods-RCTACPAnalyticsTests.release.xcconfig"; path = "Target Support Files/Pods-RCTACPAnalyticsTests/Pods-RCTACPAnalyticsTests.release.xcconfig"; sourceTree = "<group>"; };
/* End PBXFileReference section */

/* Begin PBXFrameworksBuildPhase section */
		21E5E05622A539550059839B /* Frameworks */ = {
			isa = PBXFrameworksBuildPhase;
			buildActionMask = 2147483647;
			files = (
				21E5E06322A539FF0059839B /* libRCTACPAnalytics.a in Frameworks */,
				574BA1FA0C26F1C2FEE62826 /* libPods-RCTACPAnalyticsTests.a in Frameworks */,
			);
			runOnlyForDeploymentPostprocessing = 0;
		};
		58B511D81A9E6C8500147676 /* Frameworks */ = {
			isa = PBXFrameworksBuildPhase;
			buildActionMask = 2147483647;
			files = (
				2184F942222729BB005C3F03 /* libACPAnalytics_iOS.a in Frameworks */,
				460DCA51C52996C6531CE8D1 /* libPods-RCTACPAnalytics.a in Frameworks */,
			);
			runOnlyForDeploymentPostprocessing = 0;
		};
/* End PBXFrameworksBuildPhase section */

/* Begin PBXGroup section */
		134814211AA4EA7D00B7C361 /* Products */ = {
			isa = PBXGroup;
			children = (
				134814201AA4EA6300B7C361 /* libRCTACPAnalytics.a */,
			);
			name = Products;
			sourceTree = "<group>";
		};
		142C9DB028EB81BF9D84C22B /* Frameworks */ = {
			isa = PBXGroup;
			children = (
				251072515ACDAC73538C1891 /* libPods-RCTACPAnalytics.a */,
				B3B6637448F47A453DEBC4D9 /* libPods-RCTACPAnalyticsTests.a */,
			);
			name = Frameworks;
			sourceTree = "<group>";
		};
		2184F940222728E2005C3F03 /* Libs */ = {
			isa = PBXGroup;
			children = (
				2184F943222729BE005C3F03 /* include */,
				2184F941222729BB005C3F03 /* libACPAnalytics_iOS.a */,
			);
			name = Libs;
			path = libs;
			sourceTree = "<group>";
		};
		2184F943222729BE005C3F03 /* include */ = {
			isa = PBXGroup;
			children = (
				2184F944222729F5005C3F03 /* ACPAnalytics.h */,
			);
			path = include;
			sourceTree = "<group>";
		};
		21E5E05A22A539550059839B /* RCTACPAnalyticsTests */ = {
			isa = PBXGroup;
			children = (
				21E5E05B22A539550059839B /* RCTACPAnalyticsTests.m */,
				21E5E05D22A539550059839B /* Info.plist */,
			);
			path = RCTACPAnalyticsTests;
			sourceTree = "<group>";
		};
		58B511D21A9E6C8500147676 = {
			isa = PBXGroup;
			children = (
				B3E7B5881CC2AC0600A0062D /* RCTACPAnalytics.h */,
				B3E7B5891CC2AC0600A0062D /* RCTACPAnalytics.m */,
				2184F940222728E2005C3F03 /* Libs */,
				21E5E05A22A539550059839B /* RCTACPAnalyticsTests */,
				134814211AA4EA7D00B7C361 /* Products */,
				21E5E05922A539550059839B /* RCTACPAnalyticsTests.xctest */,
				5DE057BD1E04406EE4860A5A /* Pods */,
				142C9DB028EB81BF9D84C22B /* Frameworks */,
			);
			sourceTree = "<group>";
		};
		5DE057BD1E04406EE4860A5A /* Pods */ = {
			isa = PBXGroup;
			children = (
				30935E7E6D16FFA62766C040 /* Pods-RCTACPAnalytics.debug.xcconfig */,
				58892442A2C9C76360102857 /* Pods-RCTACPAnalytics.release.xcconfig */,
				F1510B4BB48F12EA9B20C27B /* Pods-RCTACPAnalyticsTests.debug.xcconfig */,
				FEE07BD3210DD0473F2DDB3D /* Pods-RCTACPAnalyticsTests.release.xcconfig */,
			);
			path = Pods;
			sourceTree = "<group>";
		};
/* End PBXGroup section */

/* Begin PBXHeadersBuildPhase section */
		215A61FD226E144D00FA8FC6 /* Headers */ = {
			isa = PBXHeadersBuildPhase;
			buildActionMask = 2147483647;
			files = (
				215A61FE226E145300FA8FC6 /* ACPAnalytics.h in Headers */,
			);
			runOnlyForDeploymentPostprocessing = 0;
		};
/* End PBXHeadersBuildPhase section */

/* Begin PBXNativeTarget section */
		21E5E05822A539550059839B /* RCTACPAnalyticsTests */ = {
			isa = PBXNativeTarget;
			buildConfigurationList = 21E5E06022A539550059839B /* Build configuration list for PBXNativeTarget "RCTACPAnalyticsTests" */;
			buildPhases = (
				24D2BEB51A7F8A4585DD16CA /* [CP] Check Pods Manifest.lock */,
				21E5E05522A539550059839B /* Sources */,
				21E5E05622A539550059839B /* Frameworks */,
				21E5E05722A539550059839B /* Resources */,
			);
			buildRules = (
			);
			dependencies = (
			);
			name = RCTACPAnalyticsTests;
			productName = RCTACPAnalyticsTests;
			productReference = 21E5E05922A539550059839B /* RCTACPAnalyticsTests.xctest */;
			productType = "com.apple.product-type.bundle.unit-test";
		};
		58B511DA1A9E6C8500147676 /* RCTACPAnalytics */ = {
			isa = PBXNativeTarget;
			buildConfigurationList = 58B511EF1A9E6C8500147676 /* Build configuration list for PBXNativeTarget "RCTACPAnalytics" */;
			buildPhases = (
				AB5115C9784F0655DE6876D5 /* [CP] Check Pods Manifest.lock */,
				215A61FD226E144D00FA8FC6 /* Headers */,
				58B511D71A9E6C8500147676 /* Sources */,
				58B511D81A9E6C8500147676 /* Frameworks */,
				58B511D91A9E6C8500147676 /* CopyFiles */,
			);
			buildRules = (
			);
			dependencies = (
			);
			name = RCTACPAnalytics;
			productName = RCTDataManager;
			productReference = 134814201AA4EA6300B7C361 /* libRCTACPAnalytics.a */;
			productType = "com.apple.product-type.library.static";
		};
/* End PBXNativeTarget section */

/* Begin PBXProject section */
		58B511D31A9E6C8500147676 /* Project object */ = {
			isa = PBXProject;
			attributes = {
				LastUpgradeCheck = 0830;
				ORGANIZATIONNAME = Facebook;
				TargetAttributes = {
					21E5E05822A539550059839B = {
						CreatedOnToolsVersion = 10.2.1;
						DevelopmentTeam = GP6Z9HB7H4;
						ProvisioningStyle = Automatic;
					};
					58B511DA1A9E6C8500147676 = {
						CreatedOnToolsVersion = 6.1.1;
					};
				};
			};
			buildConfigurationList = 58B511D61A9E6C8500147676 /* Build configuration list for PBXProject "RCTACPAnalytics" */;
			compatibilityVersion = "Xcode 3.2";
			developmentRegion = English;
			hasScannedForEncodings = 0;
			knownRegions = (
				English,
				en,
			);
			mainGroup = 58B511D21A9E6C8500147676;
			productRefGroup = 58B511D21A9E6C8500147676;
			projectDirPath = "";
			projectRoot = "";
			targets = (
				58B511DA1A9E6C8500147676 /* RCTACPAnalytics */,
				21E5E05822A539550059839B /* RCTACPAnalyticsTests */,
			);
		};
/* End PBXProject section */

/* Begin PBXResourcesBuildPhase section */
		21E5E05722A539550059839B /* Resources */ = {
			isa = PBXResourcesBuildPhase;
			buildActionMask = 2147483647;
			files = (
			);
			runOnlyForDeploymentPostprocessing = 0;
		};
/* End PBXResourcesBuildPhase section */

/* Begin PBXShellScriptBuildPhase section */
		24D2BEB51A7F8A4585DD16CA /* [CP] Check Pods Manifest.lock */ = {
			isa = PBXShellScriptBuildPhase;
			buildActionMask = 2147483647;
			files = (
			);
			inputFileListPaths = (
			);
			inputPaths = (
				"${PODS_PODFILE_DIR_PATH}/Podfile.lock",
				"${PODS_ROOT}/Manifest.lock",
			);
			name = "[CP] Check Pods Manifest.lock";
			outputFileListPaths = (
			);
			outputPaths = (
				"$(DERIVED_FILE_DIR)/Pods-RCTACPAnalyticsTests-checkManifestLockResult.txt",
			);
			runOnlyForDeploymentPostprocessing = 0;
			shellPath = /bin/sh;
			shellScript = "diff \"${PODS_PODFILE_DIR_PATH}/Podfile.lock\" \"${PODS_ROOT}/Manifest.lock\" > /dev/null\nif [ $? != 0 ] ; then\n    # print error to STDERR\n    echo \"error: The sandbox is not in sync with the Podfile.lock. Run 'pod install' or update your CocoaPods installation.\" >&2\n    exit 1\nfi\n# This output is used by Xcode 'outputs' to avoid re-running this script phase.\necho \"SUCCESS\" > \"${SCRIPT_OUTPUT_FILE_0}\"\n";
			showEnvVarsInLog = 0;
		};
		AB5115C9784F0655DE6876D5 /* [CP] Check Pods Manifest.lock */ = {
			isa = PBXShellScriptBuildPhase;
			buildActionMask = 2147483647;
			files = (
			);
			inputFileListPaths = (
			);
			inputPaths = (
				"${PODS_PODFILE_DIR_PATH}/Podfile.lock",
				"${PODS_ROOT}/Manifest.lock",
			);
			name = "[CP] Check Pods Manifest.lock";
			outputFileListPaths = (
			);
			outputPaths = (
				"$(DERIVED_FILE_DIR)/Pods-RCTACPAnalytics-checkManifestLockResult.txt",
			);
			runOnlyForDeploymentPostprocessing = 0;
			shellPath = /bin/sh;
			shellScript = "diff \"${PODS_PODFILE_DIR_PATH}/Podfile.lock\" \"${PODS_ROOT}/Manifest.lock\" > /dev/null\nif [ $? != 0 ] ; then\n    # print error to STDERR\n    echo \"error: The sandbox is not in sync with the Podfile.lock. Run 'pod install' or update your CocoaPods installation.\" >&2\n    exit 1\nfi\n# This output is used by Xcode 'outputs' to avoid re-running this script phase.\necho \"SUCCESS\" > \"${SCRIPT_OUTPUT_FILE_0}\"\n";
			showEnvVarsInLog = 0;
		};
/* End PBXShellScriptBuildPhase section */

/* Begin PBXSourcesBuildPhase section */
		21E5E05522A539550059839B /* Sources */ = {
			isa = PBXSourcesBuildPhase;
			buildActionMask = 2147483647;
			files = (
				21E5E05C22A539550059839B /* RCTACPAnalyticsTests.m in Sources */,
			);
			runOnlyForDeploymentPostprocessing = 0;
		};
		58B511D71A9E6C8500147676 /* Sources */ = {
			isa = PBXSourcesBuildPhase;
			buildActionMask = 2147483647;
			files = (
				B3E7B58A1CC2AC0600A0062D /* RCTACPAnalytics.m in Sources */,
			);
			runOnlyForDeploymentPostprocessing = 0;
		};
/* End PBXSourcesBuildPhase section */

/* Begin XCBuildConfiguration section */
		21E5E05E22A539550059839B /* Debug */ = {
			isa = XCBuildConfiguration;
			baseConfigurationReference = F1510B4BB48F12EA9B20C27B /* Pods-RCTACPAnalyticsTests.debug.xcconfig */;
			buildSettings = {
				CLANG_ANALYZER_NONNULL = YES;
				CLANG_ANALYZER_NUMBER_OBJECT_CONVERSION = YES_AGGRESSIVE;
				CLANG_CXX_LANGUAGE_STANDARD = "gnu++14";
				CLANG_ENABLE_OBJC_WEAK = YES;
				CLANG_WARN_BLOCK_CAPTURE_AUTORELEASING = YES;
				CLANG_WARN_COMMA = YES;
				CLANG_WARN_DEPRECATED_OBJC_IMPLEMENTATIONS = YES;
				CLANG_WARN_DOCUMENTATION_COMMENTS = YES;
				CLANG_WARN_NON_LITERAL_NULL_CONVERSION = YES;
				CLANG_WARN_OBJC_IMPLICIT_RETAIN_SELF = YES;
				CLANG_WARN_OBJC_LITERAL_CONVERSION = YES;
				CLANG_WARN_RANGE_LOOP_ANALYSIS = YES;
				CLANG_WARN_STRICT_PROTOTYPES = YES;
				CLANG_WARN_UNGUARDED_AVAILABILITY = YES_AGGRESSIVE;
				CODE_SIGN_IDENTITY = "iPhone Developer";
				CODE_SIGN_STYLE = Automatic;
				DEBUG_INFORMATION_FORMAT = dwarf;
				DEVELOPMENT_TEAM = GP6Z9HB7H4;
				GCC_C_LANGUAGE_STANDARD = gnu11;
				INFOPLIST_FILE = RCTACPAnalyticsTests/Info.plist;
				IPHONEOS_DEPLOYMENT_TARGET = 12.2;
				LD_RUNPATH_SEARCH_PATHS = "$(inherited) @executable_path/Frameworks @loader_path/Frameworks";
				MTL_ENABLE_DEBUG_INFO = INCLUDE_SOURCE;
				MTL_FAST_MATH = YES;
				PRODUCT_BUNDLE_IDENTIFIER = Adobe.RCTACPAnalyticsTests;
				PRODUCT_NAME = "$(TARGET_NAME)";
				TARGETED_DEVICE_FAMILY = "1,2";
			};
			name = Debug;
		};
		21E5E05F22A539550059839B /* Release */ = {
			isa = XCBuildConfiguration;
			baseConfigurationReference = FEE07BD3210DD0473F2DDB3D /* Pods-RCTACPAnalyticsTests.release.xcconfig */;
			buildSettings = {
				CLANG_ANALYZER_NONNULL = YES;
				CLANG_ANALYZER_NUMBER_OBJECT_CONVERSION = YES_AGGRESSIVE;
				CLANG_CXX_LANGUAGE_STANDARD = "gnu++14";
				CLANG_ENABLE_OBJC_WEAK = YES;
				CLANG_WARN_BLOCK_CAPTURE_AUTORELEASING = YES;
				CLANG_WARN_COMMA = YES;
				CLANG_WARN_DEPRECATED_OBJC_IMPLEMENTATIONS = YES;
				CLANG_WARN_DOCUMENTATION_COMMENTS = YES;
				CLANG_WARN_NON_LITERAL_NULL_CONVERSION = YES;
				CLANG_WARN_OBJC_IMPLICIT_RETAIN_SELF = YES;
				CLANG_WARN_OBJC_LITERAL_CONVERSION = YES;
				CLANG_WARN_RANGE_LOOP_ANALYSIS = YES;
				CLANG_WARN_STRICT_PROTOTYPES = YES;
				CLANG_WARN_UNGUARDED_AVAILABILITY = YES_AGGRESSIVE;
				CODE_SIGN_IDENTITY = "iPhone Developer";
				CODE_SIGN_STYLE = Automatic;
				COPY_PHASE_STRIP = NO;
				DEBUG_INFORMATION_FORMAT = "dwarf-with-dsym";
				DEVELOPMENT_TEAM = GP6Z9HB7H4;
				GCC_C_LANGUAGE_STANDARD = gnu11;
				INFOPLIST_FILE = RCTACPAnalyticsTests/Info.plist;
				IPHONEOS_DEPLOYMENT_TARGET = 12.2;
				LD_RUNPATH_SEARCH_PATHS = "$(inherited) @executable_path/Frameworks @loader_path/Frameworks";
				MTL_FAST_MATH = YES;
				PRODUCT_BUNDLE_IDENTIFIER = Adobe.RCTACPAnalyticsTests;
				PRODUCT_NAME = "$(TARGET_NAME)";
				TARGETED_DEVICE_FAMILY = "1,2";
			};
			name = Release;
		};
		58B511ED1A9E6C8500147676 /* Debug */ = {
			isa = XCBuildConfiguration;
			buildSettings = {
				ALWAYS_SEARCH_USER_PATHS = NO;
				CLANG_CXX_LANGUAGE_STANDARD = "gnu++0x";
				CLANG_CXX_LIBRARY = "libc++";
				CLANG_ENABLE_MODULES = YES;
				CLANG_ENABLE_OBJC_ARC = YES;
				CLANG_WARN_BOOL_CONVERSION = YES;
				CLANG_WARN_CONSTANT_CONVERSION = YES;
				CLANG_WARN_DIRECT_OBJC_ISA_USAGE = YES_ERROR;
				CLANG_WARN_EMPTY_BODY = YES;
				CLANG_WARN_ENUM_CONVERSION = YES;
				CLANG_WARN_INFINITE_RECURSION = YES;
				CLANG_WARN_INT_CONVERSION = YES;
				CLANG_WARN_OBJC_ROOT_CLASS = YES_ERROR;
				CLANG_WARN_SUSPICIOUS_MOVE = YES;
				CLANG_WARN_UNREACHABLE_CODE = YES;
				CLANG_WARN__DUPLICATE_METHOD_MATCH = YES;
				COPY_PHASE_STRIP = NO;
				ENABLE_STRICT_OBJC_MSGSEND = YES;
				ENABLE_TESTABILITY = YES;
				GCC_C_LANGUAGE_STANDARD = gnu99;
				GCC_DYNAMIC_NO_PIC = NO;
				GCC_NO_COMMON_BLOCKS = YES;
				GCC_OPTIMIZATION_LEVEL = 0;
				GCC_PREPROCESSOR_DEFINITIONS = (
					"DEBUG=1",
					"$(inherited)",
				);
				GCC_SYMBOLS_PRIVATE_EXTERN = NO;
				GCC_WARN_64_TO_32_BIT_CONVERSION = YES;
				GCC_WARN_ABOUT_RETURN_TYPE = YES_ERROR;
				GCC_WARN_UNDECLARED_SELECTOR = YES;
				GCC_WARN_UNINITIALIZED_AUTOS = YES_AGGRESSIVE;
				GCC_WARN_UNUSED_FUNCTION = YES;
				GCC_WARN_UNUSED_VARIABLE = YES;
				IPHONEOS_DEPLOYMENT_TARGET = 8.0;
				MTL_ENABLE_DEBUG_INFO = YES;
				ONLY_ACTIVE_ARCH = YES;
				SDKROOT = iphoneos;
			};
			name = Debug;
		};
		58B511EE1A9E6C8500147676 /* Release */ = {
			isa = XCBuildConfiguration;
			buildSettings = {
				ALWAYS_SEARCH_USER_PATHS = NO;
				CLANG_CXX_LANGUAGE_STANDARD = "gnu++0x";
				CLANG_CXX_LIBRARY = "libc++";
				CLANG_ENABLE_MODULES = YES;
				CLANG_ENABLE_OBJC_ARC = YES;
				CLANG_WARN_BOOL_CONVERSION = YES;
				CLANG_WARN_CONSTANT_CONVERSION = YES;
				CLANG_WARN_DIRECT_OBJC_ISA_USAGE = YES_ERROR;
				CLANG_WARN_EMPTY_BODY = YES;
				CLANG_WARN_ENUM_CONVERSION = YES;
				CLANG_WARN_INFINITE_RECURSION = YES;
				CLANG_WARN_INT_CONVERSION = YES;
				CLANG_WARN_OBJC_ROOT_CLASS = YES_ERROR;
				CLANG_WARN_SUSPICIOUS_MOVE = YES;
				CLANG_WARN_UNREACHABLE_CODE = YES;
				CLANG_WARN__DUPLICATE_METHOD_MATCH = YES;
				COPY_PHASE_STRIP = YES;
				ENABLE_NS_ASSERTIONS = NO;
				ENABLE_STRICT_OBJC_MSGSEND = YES;
				GCC_C_LANGUAGE_STANDARD = gnu99;
				GCC_NO_COMMON_BLOCKS = YES;
				GCC_WARN_64_TO_32_BIT_CONVERSION = YES;
				GCC_WARN_ABOUT_RETURN_TYPE = YES_ERROR;
				GCC_WARN_UNDECLARED_SELECTOR = YES;
				GCC_WARN_UNINITIALIZED_AUTOS = YES_AGGRESSIVE;
				GCC_WARN_UNUSED_FUNCTION = YES;
				GCC_WARN_UNUSED_VARIABLE = YES;
				IPHONEOS_DEPLOYMENT_TARGET = 8.0;
				MTL_ENABLE_DEBUG_INFO = NO;
				SDKROOT = iphoneos;
				VALIDATE_PRODUCT = YES;
			};
			name = Release;
		};
		58B511F01A9E6C8500147676 /* Debug */ = {
			isa = XCBuildConfiguration;
			baseConfigurationReference = 30935E7E6D16FFA62766C040 /* Pods-RCTACPAnalytics.debug.xcconfig */;
			buildSettings = {
				HEADER_SEARCH_PATHS = (
					"$(inherited)",
					/Applications/Xcode.app/Contents/Developer/Toolchains/XcodeDefault.xctoolchain/usr/include,
					"$(SRCROOT)/../../../React/**",
					"$(SRCROOT)/../../react-native/React/**",
				);
				IPHONEOS_DEPLOYMENT_TARGET = 10.0;
				LIBRARY_SEARCH_PATHS = (
					"$(inherited)",
					"$(PROJECT_DIR)/libs",
					"$(PROJECT_DIR)",
					"$(PROJECT_DIR)/Libraries",
				);
				OTHER_LDFLAGS = (
					"-ObjC",
					"$(inherited)",
				);
				PRODUCT_NAME = RCTACPAnalytics;
				SKIP_INSTALL = YES;
			};
			name = Debug;
		};
		58B511F11A9E6C8500147676 /* Release */ = {
			isa = XCBuildConfiguration;
			baseConfigurationReference = 58892442A2C9C76360102857 /* Pods-RCTACPAnalytics.release.xcconfig */;
			buildSettings = {
				HEADER_SEARCH_PATHS = (
					"$(inherited)",
					/Applications/Xcode.app/Contents/Developer/Toolchains/XcodeDefault.xctoolchain/usr/include,
					"$(SRCROOT)/../../../React/**",
					"$(SRCROOT)/../../react-native/React/**",
				);
				IPHONEOS_DEPLOYMENT_TARGET = 10.0;
				LIBRARY_SEARCH_PATHS = (
					"$(inherited)",
					"$(PROJECT_DIR)/libs",
					"$(PROJECT_DIR)",
					"$(PROJECT_DIR)/Libraries",
				);
				OTHER_LDFLAGS = (
					"-ObjC",
					"$(inherited)",
				);
				PRODUCT_NAME = RCTACPAnalytics;
				SKIP_INSTALL = YES;
			};
			name = Release;
		};
/* End XCBuildConfiguration section */

/* Begin XCConfigurationList section */
		21E5E06022A539550059839B /* Build configuration list for PBXNativeTarget "RCTACPAnalyticsTests" */ = {
			isa = XCConfigurationList;
			buildConfigurations = (
				21E5E05E22A539550059839B /* Debug */,
				21E5E05F22A539550059839B /* Release */,
			);
			defaultConfigurationIsVisible = 0;
			defaultConfigurationName = Release;
		};
		58B511D61A9E6C8500147676 /* Build configuration list for PBXProject "RCTACPAnalytics" */ = {
			isa = XCConfigurationList;
			buildConfigurations = (
				58B511ED1A9E6C8500147676 /* Debug */,
				58B511EE1A9E6C8500147676 /* Release */,
			);
			defaultConfigurationIsVisible = 0;
			defaultConfigurationName = Release;
		};
		58B511EF1A9E6C8500147676 /* Build configuration list for PBXNativeTarget "RCTACPAnalytics" */ = {
			isa = XCConfigurationList;
			buildConfigurations = (
				58B511F01A9E6C8500147676 /* Debug */,
				58B511F11A9E6C8500147676 /* Release */,
			);
			defaultConfigurationIsVisible = 0;
			defaultConfigurationName = Release;
		};
/* End XCConfigurationList section */
	};
	rootObject = 58B511D31A9E6C8500147676 /* Project object */;
}
